# This file is autogenerated, do not edit; changes may be undone by the next 'dep ensure'.


[[projects]]
  branch = "default"
  name = "bitbucket.org/pkg/inflect"
  packages = ["."]
  revision = "8961c3750a47b8c0b3e118d52513b97adf85a7e8"

[[projects]]
  branch = "master"
  name = "github.com/armon/go-metrics"
  packages = ["."]
  revision = "0a12dc6f6b9da6da644031a1b9b5a85478c5ee27"

[[projects]]
  branch = "master"
  name = "github.com/dimfeld/httppath"
  packages = ["."]
  revision = "ee938bf735983d53694d79138ad9820efff94c92"

[[projects]]
  name = "github.com/dimfeld/httptreemux"
  packages = ["."]
  revision = "90654bdd3dfc3cac55538aa620f2f4d855bbdb83"
  version = "v4.0.1"

[[projects]]
  name = "github.com/go-sql-driver/mysql"
  packages = ["."]
  revision = "a0583e0143b1624142adab07e0e97fe106d99561"
  version = "v1.3"

[[projects]]
  name = "github.com/goadesign/goa"
  packages = [".","client","cors","design","design/apidsl","dslengine","goagen/codegen","goagen/utils","goatest","middleware","uuid","version"]
  revision = "5646a430cdeb66983d5ace3384e0a667c185abc7"
  version = "v1.3.0"

[[projects]]
  branch = "master"
  name = "github.com/goadesign/gorma"
  packages = [".","dsl"]
  revision = "90f8b3a6fed61b5b2d07036032b393c34e599d4d"

[[projects]]
  branch = "master"
  name = "github.com/hashicorp/go-immutable-radix"
  packages = ["."]
  revision = "8aac2701530899b64bdea735a1de8da899815220"

[[projects]]
  branch = "master"
  name = "github.com/hashicorp/golang-lru"
  packages = ["simplelru"]
  revision = "0a025b7e63adc15a622f29b0b2c4c3848243bbf6"

[[projects]]
  name = "github.com/inconshreveable/mousetrap"
  packages = ["."]
  revision = "76626ae9c91c4f2a10f34cad8ce83ea42c93bb75"
  version = "v1.0"

[[projects]]
  name = "github.com/jinzhu/gorm"
  packages = ["."]
  revision = "5174cc5c242a728b435ea2be8a2f7f998e15429b"
  version = "v1.0"

[[projects]]
  branch = "master"
  name = "github.com/jinzhu/inflection"
  packages = ["."]
  revision = "1c35d901db3da928c72a72d8458480cc9ade058f"

[[projects]]
  branch = "master"
  name = "github.com/jinzhu/now"
  packages = ["."]
  revision = "d939ba741945c047cac69c329c5fb0d6b4a06520"

[[projects]]
  branch = "master"
  name = "github.com/kr/pretty"
  packages = ["."]
  revision = "cfb55aafdaf3ec08f0db22699ab822c50091b1c4"

[[projects]]
  branch = "master"
  name = "github.com/kr/text"
  packages = ["."]
  revision = "7cafcd837844e784b526369c9bce262804aebc60"

[[projects]]
  branch = "master"
  name = "github.com/manveru/faker"
  packages = ["."]
  revision = "717f7cf83fb78669bfab612749c2e8ff63d5be11"

[[projects]]
  branch = "master"
  name = "github.com/microcosm-cc/bluemonday"
  packages = ["."]
  revision = "68fecaef60268522d2ac3f0123cec9d3bcab7b6e"

[[projects]]
  name = "github.com/qor/admin"
  packages = ["."]
  revision = "a5c271dab2795bb9d7f855194ec0408355120e69"
  version = "v1.0"

[[projects]]
  name = "github.com/qor/qor"
  packages = [".","resource","utils"]
  revision = "d1402d1caffb8f9c05d73fa5bfaae2853c4191fb"
  version = "v1.0"

[[projects]]
  name = "github.com/qor/responder"
  packages = ["."]
  revision = "ecae0be66c1a6a441001b0b5eeef51f8bc27d42a"
  version = "v1.0"

[[projects]]
  name = "github.com/qor/roles"
  packages = ["."]
  revision = "f1e05694734518c0ce2dc21151e0ecfccf4db8f4"
  version = "v1.0"

[[projects]]
  name = "github.com/satori/go.uuid"
  packages = ["."]
  revision = "879c5887cd475cd7864858769793b2ceb0d44feb"
  version = "v1.1.0"

[[projects]]
  branch = "master"
  name = "github.com/spf13/cobra"
  packages = ["."]
  revision = "b78744579491c1ceeaaa3b40205e56b0591b93a3"

[[projects]]
  name = "github.com/spf13/pflag"
  packages = ["."]
  revision = "e57e3eeb33f795204c1ca35f56c44f83227c6e66"
  version = "v1.0.0"

[[projects]]
  branch = "master"
  name = "github.com/theplant/cldr"
  packages = ["."]
  revision = "b97a4c2a76cf8ba21d1cb8ed2f4c8ee103371e2d"

[[projects]]
  branch = "master"
  name = "github.com/zach-klippenstein/goregen"
  packages = ["."]
  revision = "795b5e3961ea1912fde60af417ad85e86acc0d6a"

[[projects]]
  branch = "master"
  name = "golang.org/x/net"
  packages = ["html","html/atom","websocket"]
  revision = "0744d001aa8470aaa53df28d32e5ceeb8af9bd70"

[[projects]]
  branch = "master"
  name = "golang.org/x/text"
  packages = ["internal/gen","unicode/cldr"]
  revision = "1cbadb444a806fd9430d14ad08967ed91da4fa0a"

[[projects]]
  branch = "master"
  name = "golang.org/x/tools"
  packages = ["go/ast/astutil"]
  revision = "e531a2a1c15f94033f6fa87666caeb19a688175f"

[[projects]]
  branch = "v2"
  name = "gopkg.in/yaml.v2"
  packages = ["."]
  revision = "eb3733d160e74a9c7e442f435eb3bea458e1d19f"

[solve-meta]
  analyzer-name = "dep"
  analyzer-version = 1
  inputs-digest = "07c015a4df475fe4d0151401c60cabfc190b9c8327ebb28afe2bb61e293eb707"
  solver-name = "gps-cdcl"
  solver-version = 1
